
Microsoft Visual Studio Solution File, Format Version 12.00
# Visual Studio Version 17
VisualStudioVersion = 17.14.37411.7 d17.14
MinimumVisualStudioVersion = 10.0.40219.1
Project("{FAE04EC0-301F-11D3-BF4B-00C04F79EFBC}") = "CSharpDay12", "CSharpDay12.csproj", "{D5442A74-0A56-4BB4-8C98-E6211078AE78}"
EndProject
Global
	GlobalSection(SolutionConfigurationPlatforms) = preSolution
		Debug|Any CPU = Debug|Any CPU
		Release|Any CPU = Release|Any CPU
	EndGlobalSection
	GlobalSection(ProjectConfigurationPlatforms) = postSolution
		{D5442A74-0A56-4BB4-8C98-E6211078AE78}.Debug|Any CPU.ActiveCfg = Debug|Any CPU
		{D5442A74-0A56-4BB4-8C98-E6211078AE78}.Debug|Any CPU.Build.0 = Debug|Any CPU
		{D5442A74-0A56-4BB4-8C98-E6211078AE78}.Release|Any CPU.ActiveCfg = Release|Any CPU
		{D5442A74-0A56-4BB4-8C98-E6211078AE78}.Release|Any CPU.Build.0 = Release|Any CPU
	EndGlobalSection
	GlobalSection(SolutionProperties) = preSolution
		HideSolutionNode = FALSE
	EndGlobalSection
	GlobalSection(ExtensibilityGlobals) = postSolution
		SolutionGuid = {FDB06CF2-F771-49ED-AF90-30698A98EA0A}
	EndGlobalSection
EndGlobal
