
Microsoft Visual Studio Solution File, Format Version 12.00
# Visual Studio Version 17
VisualStudioVersion = 17.14.37411.7 d17.14
MinimumVisualStudioVersion = 10.0.40219.1
Project("{FAE04EC0-301F-11D3-BF4B-00C04F79EFBC}") = "CSharpDay15", "CSharpDay15.csproj", "{0B7E6488-367B-441B-ACA5-2E93514A7441}"
EndProject
Global
	GlobalSection(SolutionConfigurationPlatforms) = preSolution
		Debug|Any CPU = Debug|Any CPU
		Release|Any CPU = Release|Any CPU
	EndGlobalSection
	GlobalSection(ProjectConfigurationPlatforms) = postSolution
		{0B7E6488-367B-441B-ACA5-2E93514A7441}.Debug|Any CPU.ActiveCfg = Debug|Any CPU
		{0B7E6488-367B-441B-ACA5-2E93514A7441}.Debug|Any CPU.Build.0 = Debug|Any CPU
		{0B7E6488-367B-441B-ACA5-2E93514A7441}.Release|Any CPU.ActiveCfg = Release|Any CPU
		{0B7E6488-367B-441B-ACA5-2E93514A7441}.Release|Any CPU.Build.0 = Release|Any CPU
	EndGlobalSection
	GlobalSection(SolutionProperties) = preSolution
		HideSolutionNode = FALSE
	EndGlobalSection
	GlobalSection(ExtensibilityGlobals) = postSolution
		SolutionGuid = {76A70DF4-A596-4021-9678-C6AE642C3B50}
	EndGlobalSection
EndGlobal
